PODS:
  - Alamofire (4.5.1)
  - Kingfisher (4.2.0)
  - MJRefresh (3.1.14.1)
  - SnapKit (4.0.0)
  - SVProgressHUD (2.1.2)
  - SwiftyJSON (3.1.4)

DEPENDENCIES:
  - Alamofire (~> 4.5.0)
  - Kingfisher (~> 4.2.0)
  - MJRefresh
  - SnapKit (~> 4.0.0)
  - SVProgressHUD (~> 2.1.2)
  - SwiftyJSON (~> 3.1.4)

SPEC CHECKSUMS:
  Alamofire: 2d95912bf4c34f164fdfc335872e8c312acaea4a
  Kingfisher: 9ee7e788d8ba07c3f21ce0d43f33cec310a4f781
  MJRefresh: 238e6a37e2dba12160ee3b79f6d2a2b26abcab42
  SnapKit: a42d492c16e80209130a3379f73596c3454b7694
  SVProgressHUD: c404a55d78acbeb7ebb78b76d3faf986475a6994
  SwiftyJSON: c2842d878f95482ffceec5709abc3d05680c0220

PODFILE CHECKSUM: d4f477838beb25f772a4e3bbb80e4ff34b2ac4bf

COCOAPODS: 1.3.1
